{
  "name": "websocket",
  "version": "1.0.0",
  "lockfileVersion": 1,
  "requires": true,
  "dependencies": {
    "call-bind": {
      "version": "1.0.2",
      "resolved": "https://registry.npm.taobao.org/call-bind/download/call-bind-1.0.2.tgz?cache=0&sync_timestamp=1610403007655&other_urls=https%3A%2F%2Fregistry.npm.taobao.org%2Fcall-bind%2Fdownload%2Fcall-bind-1.0.2.tgz",
      "integrity": "sha1-sdTonmiBGcPJqQOtMKuy9qkZvjw=",
      "requires": {
        "function-bind": "1.1.1",
        "get-intrinsic": "1.1.1"
      }
    },
    "commander": {
      "version": "2.1.0",
      "resolved": "https://registry.npmmirror.com/commander/download/commander-2.1.0.tgz?cache=0&sync_timestamp=1634886396986&other_urls=https%3A%2F%2Fregistry.npmmirror.com%2Fcommander%2Fdownload%2Fcommander-2.1.0.tgz",
      "integrity": "sha1-0SG7roYNmZKj1Re6lvVliOR8Z4E="
    },
    "connect": {
      "version": "1.8.7",
      "resolved": "https://registry.nlark.com/connect/download/connect-1.8.7.tgz",
      "integrity": "sha1-tiAoGITUVfq5TGk9LbdIZS1sjBc=",
      "requires": {
        "formidable": "1.0.17",
        "mime": "3.0.0",
        "qs": "6.10.1"
      }
    },
    "express": {
      "version": "2.5.1",
      "resolved": "https://registry.nlark.com/express/download/express-2.5.1.tgz",
      "integrity": "sha1-BkQoTCwhkmTilV/pRxfOe0Ys1dY=",
      "requires": {
        "connect": "1.8.7",
        "mime": "3.0.0",
        "mkdirp": "0.0.7",
        "qs": "6.10.1"
      }
    },
    "formidable": {
      "version": "1.0.17",
      "resolved": "https://registry.npmmirror.com/formidable/download/formidable-1.0.17.tgz",
      "integrity": "sha1-71SRSQ+UM7cF+qdyScmQKa40hVk="
    },
    "function-bind": {
      "version": "1.1.1",
      "resolved": "https://registry.npm.taobao.org/function-bind/download/function-bind-1.1.1.tgz",
      "integrity": "sha1-pWiZ0+o8m6uHS7l3O3xe3pL0iV0="
    },
    "get-intrinsic": {
      "version": "1.1.1",
      "resolved": "https://registry.npm.taobao.org/get-intrinsic/download/get-intrinsic-1.1.1.tgz?cache=0&sync_timestamp=1612364352840&other_urls=https%3A%2F%2Fregistry.npm.taobao.org%2Fget-intrinsic%2Fdownload%2Fget-intrinsic-1.1.1.tgz",
      "integrity": "sha1-FfWfN2+FXERpY5SPDSTNNje0q8Y=",
      "requires": {
        "function-bind": "1.1.1",
        "has": "1.0.3",
        "has-symbols": "1.0.2"
      }
    },
    "has": {
      "version": "1.0.3",
      "resolved": "https://registry.npm.taobao.org/has/download/has-1.0.3.tgz",
      "integrity": "sha1-ci18v8H2qoJB8W3YFOAR4fQeh5Y=",
      "requires": {
        "function-bind": "1.1.1"
      }
    },
    "has-symbols": {
      "version": "1.0.2",
      "resolved": "https://registry.npm.taobao.org/has-symbols/download/has-symbols-1.0.2.tgz?cache=0&sync_timestamp=1614443557459&other_urls=https%3A%2F%2Fregistry.npm.taobao.org%2Fhas-symbols%2Fdownload%2Fhas-symbols-1.0.2.tgz",
      "integrity": "sha1-Fl0wcMADCXUqEjakeTMeOsVvFCM="
    },
    "mime": {
      "version": "3.0.0",
      "resolved": "https://registry.npmmirror.com/mime/download/mime-3.0.0.tgz",
      "integrity": "sha1-s3RVDco6DBhEOwyVCmpY8ZMc96c="
    },
    "mkdirp": {
      "version": "0.0.7",
      "resolved": "https://registry.npmmirror.com/mkdirp/download/mkdirp-0.0.7.tgz",
      "integrity": "sha1-2JtPDkw+XlylQjWTFnXglP4aUHI="
    },
    "nan": {
      "version": "1.0.0",
      "resolved": "https://registry.nlark.com/nan/download/nan-1.0.0.tgz",
      "integrity": "sha1-riT4hQgY1mL8q1rPfzuVv6oszzg="
    },
    "object-inspect": {
      "version": "1.11.0",
      "resolved": "https://registry.nlark.com/object-inspect/download/object-inspect-1.11.0.tgz",
      "integrity": "sha1-nc6xRs7dQUig2eUauI00z1CZIrE="
    },
    "options": {
      "version": "0.0.6",
      "resolved": "https://registry.nlark.com/options/download/options-0.0.6.tgz",
      "integrity": "sha1-7CLTEoBrtT5zF3Pnza788cZDEo8="
    },
    "qs": {
      "version": "6.10.1",
      "resolved": "https://registry.nlark.com/qs/download/qs-6.10.1.tgz",
      "integrity": "sha1-STFIL6jWR6Wqt5nFJx0hM7mB+2o=",
      "requires": {
        "side-channel": "1.0.4"
      }
    },
    "side-channel": {
      "version": "1.0.4",
      "resolved": "https://registry.npm.taobao.org/side-channel/download/side-channel-1.0.4.tgz",
      "integrity": "sha1-785cj9wQTudRslxY1CkAEfpeos8=",
      "requires": {
        "call-bind": "1.0.2",
        "get-intrinsic": "1.1.1",
        "object-inspect": "1.11.0"
      }
    },
    "tinycolor": {
      "version": "0.0.1",
      "resolved": "https://registry.npmmirror.com/tinycolor/download/tinycolor-0.0.1.tgz",
      "integrity": "sha1-MgtaUtg6u1l42Bo+iH1K77FaYWQ="
    },
    "websocket.io": {
      "version": "0.1.6",
      "resolved": "https://registry.npmmirror.com/websocket.io/download/websocket.io-0.1.6.tgz",
      "integrity": "sha1-UODkfnNUitBzkvXzSCFSvILPml4=",
      "requires": {
        "ws": "0.4.32"
      }
    },
    "ws": {
      "version": "0.4.32",
      "resolved": "https://registry.npmmirror.com/ws/download/ws-0.4.32.tgz",
      "integrity": "sha1-eHphVEFPPJntg8V3IVOyD+sM7DI=",
      "requires": {
        "commander": "2.1.0",
        "nan": "1.0.0",
        "options": "0.0.6",
        "tinycolor": "0.0.1"
      }
    }
  }
}
